
Microsoft Visual Studio Solution File, Format Version 12.00
# Visual Studio Version 16
VisualStudioVersion = 16.0.35229.62
MinimumVisualStudioVersion = 10.0.40219.1
Project("{FAE04EC0-301F-11D3-BF4B-00C04F79EFBC}") = "Assignment8", "Assignment8.csproj", "{0FCB3F02-8E18-4DD7-9317-004D3CBF5CAC}"
EndProject
Global
	GlobalSection(SolutionConfigurationPlatforms) = preSolution
		Debug|Any CPU = Debug|Any CPU
		Release|Any CPU = Release|Any CPU
	EndGlobalSection
	GlobalSection(ProjectConfigurationPlatforms) = postSolution
		{0FCB3F02-8E18-4DD7-9317-004D3CBF5CAC}.Debug|Any CPU.ActiveCfg = Debug|Any CPU
		{0FCB3F02-8E18-4DD7-9317-004D3CBF5CAC}.Debug|Any CPU.Build.0 = Debug|Any CPU
		{0FCB3F02-8E18-4DD7-9317-004D3CBF5CAC}.Release|Any CPU.ActiveCfg = Release|Any CPU
		{0FCB3F02-8E18-4DD7-9317-004D3CBF5CAC}.Release|Any CPU.Build.0 = Release|Any CPU
	EndGlobalSection
	GlobalSection(SolutionProperties) = preSolution
		HideSolutionNode = FALSE
	EndGlobalSection
	GlobalSection(ExtensibilityGlobals) = postSolution
		SolutionGuid = {4B92FF0D-209B-41C1-919A-F08C9145B6E4}
	EndGlobalSection
EndGlobal
