
Microsoft Visual Studio Solution File, Format Version 12.00
# Visual Studio Version 16
VisualStudioVersion = 16.0.35229.62
MinimumVisualStudioVersion = 10.0.40219.1
Project("{FAE04EC0-301F-11D3-BF4B-00C04F79EFBC}") = "Assignment_No_6", "Assignment_No_6.csproj", "{644E208E-1F25-4C3A-BF2C-B10762F27EF5}"
EndProject
Global
	GlobalSection(SolutionConfigurationPlatforms) = preSolution
		Debug|Any CPU = Debug|Any CPU
		Release|Any CPU = Release|Any CPU
	EndGlobalSection
	GlobalSection(ProjectConfigurationPlatforms) = postSolution
		{644E208E-1F25-4C3A-BF2C-B10762F27EF5}.Debug|Any CPU.ActiveCfg = Debug|Any CPU
		{644E208E-1F25-4C3A-BF2C-B10762F27EF5}.Debug|Any CPU.Build.0 = Debug|Any CPU
		{644E208E-1F25-4C3A-BF2C-B10762F27EF5}.Release|Any CPU.ActiveCfg = Release|Any CPU
		{644E208E-1F25-4C3A-BF2C-B10762F27EF5}.Release|Any CPU.Build.0 = Release|Any CPU
	EndGlobalSection
	GlobalSection(SolutionProperties) = preSolution
		HideSolutionNode = FALSE
	EndGlobalSection
	GlobalSection(ExtensibilityGlobals) = postSolution
		SolutionGuid = {228D11DF-350B-4BA2-8DBF-5C09A25A9D57}
	EndGlobalSection
EndGlobal
